
Microsoft Visual Studio Solution File, Format Version 12.00
# Visual Studio Version 17
VisualStudioVersion = 17.8.34408.163
MinimumVisualStudioVersion = 10.0.40219.1
Project("{FAE04EC0-301F-11D3-BF4B-00C04F79EFBC}") = "KTL_Magnet2", "KTL_Magnet2.csproj", "{3A758D44-ACDB-4366-980D-B049A4A93132}"
EndProject
Project("{FAE04EC0-301F-11D3-BF4B-00C04F79EFBC}") = "AD_ModuleTester", "..\AD_ModuleTester\AD_ModuleTester.csproj", "{94A6FC34-9678-4C57-B35C-177F88537717}"
EndProject
Project("{FAE04EC0-301F-11D3-BF4B-00C04F79EFBC}") = "KTL_Magnet3", "..\KTL_Magnet3\KTL_Magnet3.csproj", "{14832905-7228-4FF8-BC25-F6B47F2D0654}"
EndProject
Global
	GlobalSection(SolutionConfigurationPlatforms) = preSolution
		Debug|Any CPU = Debug|Any CPU
		Debug|x86 = Debug|x86
		Release|Any CPU = Release|Any CPU
		Release|x86 = Release|x86
	EndGlobalSection
	GlobalSection(ProjectConfigurationPlatforms) = postSolution
		{3A758D44-ACDB-4366-980D-B049A4A93132}.Debug|Any CPU.ActiveCfg = Debug|Any CPU
		{3A758D44-ACDB-4366-980D-B049A4A93132}.Debug|Any CPU.Build.0 = Debug|Any CPU
		{3A758D44-ACDB-4366-980D-B049A4A93132}.Debug|x86.ActiveCfg = Debug|x86
		{3A758D44-ACDB-4366-980D-B049A4A93132}.Debug|x86.Build.0 = Debug|x86
		{3A758D44-ACDB-4366-980D-B049A4A93132}.Release|Any CPU.ActiveCfg = Release|Any CPU
		{3A758D44-ACDB-4366-980D-B049A4A93132}.Release|Any CPU.Build.0 = Release|Any CPU
		{3A758D44-ACDB-4366-980D-B049A4A93132}.Release|x86.ActiveCfg = Release|x86
		{3A758D44-ACDB-4366-980D-B049A4A93132}.Release|x86.Build.0 = Release|x86
		{94A6FC34-9678-4C57-B35C-177F88537717}.Debug|Any CPU.ActiveCfg = Debug|Any CPU
		{94A6FC34-9678-4C57-B35C-177F88537717}.Debug|Any CPU.Build.0 = Debug|Any CPU
		{94A6FC34-9678-4C57-B35C-177F88537717}.Debug|x86.ActiveCfg = Debug|Any CPU
		{94A6FC34-9678-4C57-B35C-177F88537717}.Debug|x86.Build.0 = Debug|Any CPU
		{94A6FC34-9678-4C57-B35C-177F88537717}.Release|Any CPU.ActiveCfg = Release|Any CPU
		{94A6FC34-9678-4C57-B35C-177F88537717}.Release|Any CPU.Build.0 = Release|Any CPU
		{94A6FC34-9678-4C57-B35C-177F88537717}.Release|x86.ActiveCfg = Release|Any CPU
		{94A6FC34-9678-4C57-B35C-177F88537717}.Release|x86.Build.0 = Release|Any CPU
		{14832905-7228-4FF8-BC25-F6B47F2D0654}.Debug|Any CPU.ActiveCfg = Debug|Any CPU
		{14832905-7228-4FF8-BC25-F6B47F2D0654}.Debug|Any CPU.Build.0 = Debug|Any CPU
		{14832905-7228-4FF8-BC25-F6B47F2D0654}.Debug|x86.ActiveCfg = Debug|Any CPU
		{14832905-7228-4FF8-BC25-F6B47F2D0654}.Debug|x86.Build.0 = Debug|Any CPU
		{14832905-7228-4FF8-BC25-F6B47F2D0654}.Release|Any CPU.ActiveCfg = Release|Any CPU
		{14832905-7228-4FF8-BC25-F6B47F2D0654}.Release|Any CPU.Build.0 = Release|Any CPU
		{14832905-7228-4FF8-BC25-F6B47F2D0654}.Release|x86.ActiveCfg = Release|Any CPU
		{14832905-7228-4FF8-BC25-F6B47F2D0654}.Release|x86.Build.0 = Release|Any CPU
	EndGlobalSection
	GlobalSection(SolutionProperties) = preSolution
		HideSolutionNode = FALSE
	EndGlobalSection
	GlobalSection(ExtensibilityGlobals) = postSolution
		SolutionGuid = {FA6A3C29-4128-45D7-A1F5-7F6DFFAF08F9}
	EndGlobalSection
EndGlobal
